
Microsoft Visual Studio Solution File, Format Version 12.00
# Visual Studio Version 17
VisualStudioVersion = 17.7.34202.233
MinimumVisualStudioVersion = 10.0.40219.1
Project("{8BC9CEB8-8B4A-11D0-8D11-00A0C91BC942}") = "labb", "labb.vcxproj", "{FB915D8E-48E1-404F-8E9B-A0D5A8C23FE6}"
EndProject
Global
	GlobalSection(SolutionConfigurationPlatforms) = preSolution
		Debug|x64 = Debug|x64
		Debug|x86 = Debug|x86
		Release|x64 = Release|x64
		Release|x86 = Release|x86
	EndGlobalSection
	GlobalSection(ProjectConfigurationPlatforms) = postSolution
		{FB915D8E-48E1-404F-8E9B-A0D5A8C23FE6}.Debug|x64.ActiveCfg = Debug|x64
		{FB915D8E-48E1-404F-8E9B-A0D5A8C23FE6}.Debug|x64.Build.0 = Debug|x64
		{FB915D8E-48E1-404F-8E9B-A0D5A8C23FE6}.Debug|x86.ActiveCfg = Debug|Win32
		{FB915D8E-48E1-404F-8E9B-A0D5A8C23FE6}.Debug|x86.Build.0 = Debug|Win32
		{FB915D8E-48E1-404F-8E9B-A0D5A8C23FE6}.Release|x64.ActiveCfg = Release|x64
		{FB915D8E-48E1-404F-8E9B-A0D5A8C23FE6}.Release|x64.Build.0 = Release|x64
		{FB915D8E-48E1-404F-8E9B-A0D5A8C23FE6}.Release|x86.ActiveCfg = Release|Win32
		{FB915D8E-48E1-404F-8E9B-A0D5A8C23FE6}.Release|x86.Build.0 = Release|Win32
	EndGlobalSection
	GlobalSection(SolutionProperties) = preSolution
		HideSolutionNode = FALSE
	EndGlobalSection
	GlobalSection(ExtensibilityGlobals) = postSolution
		SolutionGuid = {2554C582-7ADF-44FE-97A0-76C8B4BB8E51}
	EndGlobalSection
EndGlobal
